{
    "_readme": [
        "This file locks the dependencies of your project to a known state",
        "Read more about it at https://getcomposer.org/doc/01-basic-usage.md#installing-dependencies",
        "This file is @generated automatically"
    ],
    "content-hash": "6fabeb4dd746206f26ee2b57ca4093e6",
    "packages": [
        {
            "name": "apimatic/core",
            "version": "0.3.18",
            "source": {
                "type": "git",
                "url": "https://github.com/apimatic/core-lib-php.git",
                "reference": "7e3d2de97de6df8aa1c66293c92573b6984e3f50"
            },
            "dist": {
                "type": "zip",
                "url": "https://api.github.com/repos/apimatic/core-lib-php/zipball/7e3d2de97de6df8aa1c66293c92573b6984e3f50",
                "reference": "7e3d2de97de6df8aa1c66293c92573b6984e3f50",
                "shasum": ""
            },
            "require": {
                "apimatic/core-interfaces": "~0.1.5",
                "apimatic/jsonmapper": "^3.1.1",
                "ext-curl": "*",
                "ext-dom": "*",
                "ext-json": "*",
                "ext-libxml": "*",
                "php": "^7.2 || ^8.0",
                "php-jsonpointer/php-jsonpointer": "^3.0.2",
                "psr/log": "^1.1.4 || ^2.0.0 || ^3.0.0",
                "symfony/http-foundation": "^5.4 || ^6.0 || ^7.0 || ^8.0"
            },
            "require-dev": {
                "phan/phan": "5.4.5",
                "phpunit/phpunit": "^7.5 || ^8.5 || ^9.5",
                "squizlabs/php_codesniffer": "^3.5"
            },
            "type": "library",
            "autoload": {
                "psr-4": {
                    "Core\\": "src/"
                }
            },
            "notification-url": "https://packagist.org/downloads/",
            "license": [
                "MIT"
            ],
            "description": "Core logic and the utilities for the Apimatic's PHP SDK",
            "homepage": "https://github.com/apimatic/core-lib-php",
            "keywords": [
                "apimatic",
                "core",
                "corelib",
                "php"
            ],
            "support": {
                "issues": "https://github.com/apimatic/core-lib-php/issues",
                "source": "https://github.com/apimatic/core-lib-php/tree/0.3.18"
            },
            "time": "2026-08-20T09:44:05+00:00"
        },
        {
            "name": "apimatic/core-interfaces",
            "version": "0.1.5",
            "source": {
                "type": "git",
                "url": "https://github.com/apimatic/core-interfaces-php.git",
                "reference": "b4f1bffc8be79584836f70af33c65e097eec155c"
            },
            "dist": {
                "type": "zip",
                "url": "https://api.github.com/repos/apimatic/core-interfaces-php/zipball/b4f1bffc8be79584836f70af33c65e097eec155c",
                "reference": "b4f1bffc8be79584836f70af33c65e097eec155c",
                "shasum": ""
            },
            "require": {
                "php": "^7.2 || ^8.0"
            },
            "type": "library",
            "autoload": {
                "psr-4": {
                    "CoreInterfaces\\": "src/"
                }
            },
            "notification-url": "https://packagist.org/downloads/",
            "license": [
                "MIT"
            ],
            "description": "Definition of the behavior of apimatic/core, apimatic/unirest-php and Apimatic's PHP SDK",
            "homepage": "https://github.com/apimatic/core-interfaces-php",
            "keywords": [
                "apimatic",
                "core",
                "corelib",
                "interface",
                "php",
                "unirest"
            ],
            "support": {
                "issues": "https://github.com/apimatic/core-interfaces-php/issues",
                "source": "https://github.com/apimatic/core-interfaces-php/tree/0.1.5"
            },
            "time": "2024-05-09T06:32:07+00:00"
        },
        {
            "name": "apimatic/jsonmapper",
            "version": "3.1.7",
            "source": {
                "type": "git",
                "url": "https://github.com/apimatic/jsonmapper.git",
                "reference": "61e45f6021e4a4e07497be596b4787c3c6b39bea"
            },
            "dist": {
                "type": "zip",
                "url": "https://api.github.com/repos/apimatic/jsonmapper/zipball/61e45f6021e4a4e07497be596b4787c3c6b39bea",
                "reference": "61e45f6021e4a4e07497be596b4787c3c6b39bea",
                "shasum": ""
            },
            "require": {
                "ext-json": "*",
                "php": "^5.6 || ^7.0 || ^8.0"
            },
            "require-dev": {
                "phpunit/phpunit": "^5.0.0 || ^6.0.0 || ^7.0.0 || ^8.0.0 || ^9.0.0",
                "squizlabs/php_codesniffer": "^3.0.0"
            },
            "type": "library",
            "autoload": {
                "psr-4": {
                    "apimatic\\jsonmapper\\": "src/"
                }
            },
            "notification-url": "https://packagist.org/downloads/",
            "license": [
                "OSL-3.0"
            ],
            "authors": [
                {
                    "name": "Christian Weiske",
                    "email": "christian.weiske@netresearch.de",
                    "homepage": "http://www.netresearch.de/",
                    "role": "Developer"
                },
                {
                    "name": "Mehdi Jaffery",
                    "email": "mehdi.jaffery@apimatic.io",
                    "homepage": "http://apimatic.io/",
                    "role": "Developer"
                }
            ],
            "description": "Map nested JSON structures onto PHP classes",
            "support": {
                "email": "mehdi.jaffery@apimatic.io",
                "issues": "https://github.com/apimatic/jsonmapper/issues",
                "source": "https://github.com/apimatic/jsonmapper/tree/3.1.7"
            },
            "time": "2025-11-06T14:43:04+00:00"
        },
        {
            "name": "apimatic/unirest-php",
            "version": "4.0.8",
            "source": {
                "type": "git",
                "url": "https://github.com/apimatic/unirest-php.git",
                "reference": "e1828d2f5fa53528b2576775eb1dce824176bf73"
            },
            "dist": {
                "type": "zip",
                "url": "https://api.github.com/repos/apimatic/unirest-php/zipball/e1828d2f5fa53528b2576775eb1dce824176bf73",
                "reference": "e1828d2f5fa53528b2576775eb1dce824176bf73",
                "shasum": ""
            },
            "require": {
                "apimatic/core-interfaces": "^0.1.0",
                "ext-curl": "*",
                "ext-json": "*",
                "php": "^7.2 || ^8.0"
            },
            "require-dev": {
                "ext-zlib": "*",
                "phan/phan": "5.4.2",
                "phpunit/phpunit": "^7.5 || ^8.5 || ^9.5",
                "squizlabs/php_codesniffer": "^3.5"
            },
            "type": "library",
            "autoload": {
                "psr-4": {
                    "Unirest\\": "src/"
                }
            },
            "notification-url": "https://packagist.org/downloads/",
            "license": [
                "MIT"
            ],
            "authors": [
                {
                    "name": "Mashape",
                    "email": "opensource@mashape.com",
                    "homepage": "https://www.mashape.com",
                    "role": "Developer"
                },
                {
                    "name": "APIMATIC",
                    "email": "opensource@apimatic.io",
                    "homepage": "https://www.apimatic.io",
                    "role": "Developer"
                }
            ],
            "description": "Unirest PHP",
            "homepage": "https://github.com/apimatic/unirest-php",
            "keywords": [
                "client",
                "curl",
                "http",
                "https",
                "rest"
            ],
            "support": {
                "email": "opensource@apimatic.io",
                "issues": "https://github.com/apimatic/unirest-php/issues",
                "source": "https://github.com/apimatic/unirest-php/tree/4.0.8"
            },
            "time": "2026-08-20T09:44:17+00:00"
        },
        {
            "name": "paypal/paypal-server-sdk",
            "version": "2.4.0",
            "source": {
                "type": "git",
                "url": "https://github.com/paypal/PayPal-PHP-Server-SDK.git",
                "reference": "b6be767b759ac3e3ad1d32dde7143a0927f5892b"
            },
            "dist": {
                "type": "zip",
                "url": "https://api.github.com/repos/paypal/PayPal-PHP-Server-SDK/zipball/b6be767b759ac3e3ad1d32dde7143a0927f5892b",
                "reference": "b6be767b759ac3e3ad1d32dde7143a0927f5892b",
                "shasum": ""
            },
            "require": {
                "apimatic/core": "~0.3.17",
                "apimatic/core-interfaces": "~0.1.5",
                "apimatic/unirest-php": "^4.0.6",
                "ext-curl": "*",
                "ext-json": "*",
                "php": "^7.2 || ^8.0"
            },
            "require-dev": {
                "phan/phan": "5.4.5",
                "squizlabs/php_codesniffer": "^3.5"
            },
            "type": "library",
            "autoload": {
                "psr-4": {
                    "PaypalServerSdkLib\\": "src/"
                }
            },
            "notification-url": "https://packagist.org/downloads/",
            "license": [
                "MIT"
            ],
            "description": "PayPal's SDK for interacting with the REST APIs",
            "homepage": "https://github.com/paypal/PayPal-PHP-Server-SDK",
            "support": {
                "source": "https://github.com/paypal/PayPal-PHP-Server-SDK/tree/2.4.0"
            },
            "time": "2026-08-21T15:05:45+00:00"
        },
        {
            "name": "php-jsonpointer/php-jsonpointer",
            "version": "v3.0.2",
            "source": {
                "type": "git",
                "url": "https://github.com/raphaelstolt/php-jsonpointer.git",
                "reference": "4428f86c6f23846e9faa5a420c4ef14e485b3afb"
            },
            "dist": {
                "type": "zip",
                "url": "https://api.github.com/repos/raphaelstolt/php-jsonpointer/zipball/4428f86c6f23846e9faa5a420c4ef14e485b3afb",
                "reference": "4428f86c6f23846e9faa5a420c4ef14e485b3afb",
                "shasum": ""
            },
            "require": {
                "php": ">=5.4"
            },
            "require-dev": {
                "friendsofphp/php-cs-fixer": "^1.11",
                "phpunit/phpunit": "4.6.*"
            },
            "type": "library",
            "extra": {
                "branch-alias": {
                    "dev-master": "2.0.x-dev"
                }
            },
            "autoload": {
                "psr-0": {
                    "Rs\\Json": "src/"
                }
            },
            "notification-url": "https://packagist.org/downloads/",
            "license": [
                "MIT"
            ],
            "authors": [
                {
                    "name": "Raphael Stolt",
                    "email": "raphael.stolt@gmail.com",
                    "homepage": "http://raphaelstolt.blogspot.com/"
                }
            ],
            "description": "Implementation of JSON Pointer (http://tools.ietf.org/html/rfc6901)",
            "homepage": "https://github.com/raphaelstolt/php-jsonpointer",
            "keywords": [
                "json",
                "json pointer",
                "json traversal"
            ],
            "support": {
                "issues": "https://github.com/raphaelstolt/php-jsonpointer/issues",
                "source": "https://github.com/raphaelstolt/php-jsonpointer/tree/master"
            },
            "time": "2016-08-29T08:51:01+00:00"
        },
        {
            "name": "psr/log",
            "version": "3.0.2",
            "source": {
                "type": "git",
                "url": "https://github.com/php-fig/log.git",
                "reference": "f16e1d5863e37f8d8c2a01719f5b34baa2b714d3"
            },
            "dist": {
                "type": "zip",
                "url": "https://api.github.com/repos/php-fig/log/zipball/f16e1d5863e37f8d8c2a01719f5b34baa2b714d3",
                "reference": "f16e1d5863e37f8d8c2a01719f5b34baa2b714d3",
                "shasum": ""
            },
            "require": {
                "php": ">=8.0.0"
            },
            "type": "library",
            "extra": {
                "branch-alias": {
                    "dev-master": "3.x-dev"
                }
            },
            "autoload": {
                "psr-4": {
                    "Psr\\Log\\": "src"
                }
            },
            "notification-url": "https://packagist.org/downloads/",
            "license": [
                "MIT"
            ],
            "authors": [
                {
                    "name": "PHP-FIG",
                    "homepage": "https://www.php-fig.org/"
                }
            ],
            "description": "Common interface for logging libraries",
            "homepage": "https://github.com/php-fig/log",
            "keywords": [
                "log",
                "psr",
                "psr-3"
            ],
            "support": {
                "source": "https://github.com/php-fig/log/tree/3.0.2"
            },
            "time": "2024-09-11T13:17:53+00:00"
        },
        {
            "name": "stripe/stripe-php",
            "version": "v21.3.2",
            "source": {
                "type": "git",
                "url": "https://github.com/stripe/stripe-php.git",
                "reference": "0d8b075e1a97d15c5324353a5277d0ea686ea525"
            },
            "dist": {
                "type": "zip",
                "url": "https://api.github.com/repos/stripe/stripe-php/zipball/0d8b075e1a97d15c5324353a5277d0ea686ea525",
                "reference": "0d8b075e1a97d15c5324353a5277d0ea686ea525",
                "shasum": ""
            },
            "require": {
                "ext-curl": "*",
                "ext-json": "*",
                "ext-mbstring": "*",
                "php": ">=7.2.0"
            },
            "require-dev": {
                "friendsofphp/php-cs-fixer": "3.94.0",
                "phpstan/phpstan": "^1.2",
                "phpunit/phpunit": "^8.0 || ^9.0"
            },
            "type": "library",
            "extra": {
                "branch-alias": {
                    "dev-master": "2.0-dev"
                }
            },
            "autoload": {
                "files": [
                    "lib/version_check.php"
                ],
                "psr-4": {
                    "Stripe\\": "lib/"
                }
            },
            "notification-url": "https://packagist.org/downloads/",
            "license": [
                "MIT"
            ],
            "authors": [
                {
                    "name": "Stripe and contributors",
                    "homepage": "https://github.com/stripe/stripe-php/contributors"
                }
            ],
            "description": "Stripe PHP Library",
            "homepage": "https://stripe.com/",
            "keywords": [
                "api",
                "payment processing",
                "stripe"
            ],
            "support": {
                "issues": "https://github.com/stripe/stripe-php/issues",
                "source": "https://github.com/stripe/stripe-php/tree/v21.3.2"
            },
            "time": "2026-09-09T20:40:43+00:00"
        },
        {
            "name": "symfony/deprecation-contracts",
            "version": "v3.0.2",
            "source": {
                "type": "git",
                "url": "https://github.com/symfony/deprecation-contracts.git",
                "reference": "26954b3d62a6c5fd0ea8a2a00c0353a14978d05c"
            },
            "dist": {
                "type": "zip",
                "url": "https://api.github.com/repos/symfony/deprecation-contracts/zipball/26954b3d62a6c5fd0ea8a2a00c0353a14978d05c",
                "reference": "26954b3d62a6c5fd0ea8a2a00c0353a14978d05c",
                "shasum": ""
            },
            "require": {
                "php": ">=8.0.2"
            },
            "type": "library",
            "extra": {
                "thanks": {
                    "url": "https://github.com/symfony/contracts",
                    "name": "symfony/contracts"
                },
                "branch-alias": {
                    "dev-main": "3.0-dev"
                }
            },
            "autoload": {
                "files": [
                    "function.php"
                ]
            },
            "notification-url": "https://packagist.org/downloads/",
            "license": [
                "MIT"
            ],
            "authors": [
                {
                    "name": "Nicolas Grekas",
                    "email": "p@tchwork.com"
                },
                {
                    "name": "Symfony Community",
                    "homepage": "https://symfony.com/contributors"
                }
            ],
            "description": "A generic function and convention to trigger deprecation notices",
            "homepage": "https://symfony.com",
            "support": {
                "source": "https://github.com/symfony/deprecation-contracts/tree/v3.0.2"
            },
            "funding": [
                {
                    "url": "https://symfony.com/sponsor",
                    "type": "custom"
                },
                {
                    "url": "https://github.com/fabpot",
                    "type": "github"
                },
                {
                    "url": "https://tidelift.com/funding/github/packagist/symfony/symfony",
                    "type": "tidelift"
                }
            ],
            "time": "2022-01-02T09:55:41+00:00"
        },
        {
            "name": "symfony/http-foundation",
            "version": "v5.4.50",
            "source": {
                "type": "git",
                "url": "https://github.com/symfony/http-foundation.git",
                "reference": "1a0706e8b8041046052ea2695eb8aeee04f97609"
            },
            "dist": {
                "type": "zip",
                "url": "https://api.github.com/repos/symfony/http-foundation/zipball/1a0706e8b8041046052ea2695eb8aeee04f97609",
                "reference": "1a0706e8b8041046052ea2695eb8aeee04f97609",
                "shasum": ""
            },
            "require": {
                "php": ">=7.2.5",
                "symfony/deprecation-contracts": "^2.1|^3",
                "symfony/polyfill-mbstring": "~1.1",
                "symfony/polyfill-php80": "^1.16"
            },
            "require-dev": {
                "predis/predis": "^1.0|^2.0",
                "symfony/cache": "^4.4|^5.0|^6.0",
                "symfony/dependency-injection": "^5.4|^6.0",
                "symfony/expression-language": "^4.4|^5.0|^6.0",
                "symfony/http-kernel": "^5.4.12|^6.0.12|^6.1.4",
                "symfony/mime": "^4.4|^5.0|^6.0",
                "symfony/rate-limiter": "^5.2|^6.0"
            },
            "suggest": {
                "symfony/mime": "To use the file extension guesser"
            },
            "type": "library",
            "autoload": {
                "psr-4": {
                    "Symfony\\Component\\HttpFoundation\\": ""
                },
                "exclude-from-classmap": [
                    "/Tests/"
                ]
            },
            "notification-url": "https://packagist.org/downloads/",
            "license": [
                "MIT"
            ],
            "authors": [
                {
                    "name": "Fabien Potencier",
                    "email": "fabien@symfony.com"
                },
                {
                    "name": "Symfony Community",
                    "homepage": "https://symfony.com/contributors"
                }
            ],
            "description": "Defines an object-oriented layer for the HTTP specification",
            "homepage": "https://symfony.com",
            "support": {
                "source": "https://github.com/symfony/http-foundation/tree/v5.4.50"
            },
            "funding": [
                {
                    "url": "https://symfony.com/sponsor",
                    "type": "custom"
                },
                {
                    "url": "https://github.com/fabpot",
                    "type": "github"
                },
                {
                    "url": "https://github.com/nicolas-grekas",
                    "type": "github"
                },
                {
                    "url": "https://tidelift.com/funding/github/packagist/symfony/symfony",
                    "type": "tidelift"
                }
            ],
            "time": "2025-11-03T12:58:48+00:00"
        },
        {
            "name": "symfony/polyfill-mbstring",
            "version": "v1.43.0",
            "source": {
                "type": "git",
                "url": "https://github.com/symfony/polyfill-mbstring.git",
                "reference": "4d5d331bf731e0aedbc6b2f5e61135b7b7996a72"
            },
            "dist": {
                "type": "zip",
                "url": "https://api.github.com/repos/symfony/polyfill-mbstring/zipball/4d5d331bf731e0aedbc6b2f5e61135b7b7996a72",
                "reference": "4d5d331bf731e0aedbc6b2f5e61135b7b7996a72",
                "shasum": ""
            },
            "require": {
                "ext-iconv": "*",
                "php": ">=7.2"
            },
            "provide": {
                "ext-mbstring": "*"
            },
            "suggest": {
                "ext-mbstring": "For best performance"
            },
            "type": "library",
            "extra": {
                "thanks": {
                    "url": "https://github.com/symfony/polyfill",
                    "name": "symfony/polyfill"
                }
            },
            "autoload": {
                "files": [
                    "bootstrap.php"
                ],
                "psr-4": {
                    "Symfony\\Polyfill\\Mbstring\\": ""
                }
            },
            "notification-url": "https://packagist.org/downloads/",
            "license": [
                "MIT"
            ],
            "authors": [
                {
                    "name": "Nicolas Grekas",
                    "email": "p@tchwork.com"
                },
                {
                    "name": "Symfony Community",
                    "homepage": "https://symfony.com/contributors"
                }
            ],
            "description": "Symfony polyfill for the Mbstring extension",
            "homepage": "https://symfony.com",
            "keywords": [
                "compatibility",
                "mbstring",
                "polyfill",
                "portable",
                "shim"
            ],
            "support": {
                "source": "https://github.com/symfony/polyfill-mbstring/tree/v1.43.0"
            },
            "funding": [
                {
                    "url": "https://symfony.com/sponsor",
                    "type": "custom"
                },
                {
                    "url": "https://github.com/fabpot",
                    "type": "github"
                },
                {
                    "url": "https://github.com/nicolas-grekas",
                    "type": "github"
                },
                {
                    "url": "https://tidelift.com/funding/github/packagist/symfony/symfony",
                    "type": "tidelift"
                }
            ],
            "time": "2026-09-24T15:19:04+00:00"
        },
        {
            "name": "symfony/polyfill-php80",
            "version": "v1.43.0",
            "source": {
                "type": "git",
                "url": "https://github.com/symfony/polyfill-php80.git",
                "reference": "9c6a5d6b01ca51d486c813e9a9c0ed55f208bb74"
            },
            "dist": {
                "type": "zip",
                "url": "https://api.github.com/repos/symfony/polyfill-php80/zipball/9c6a5d6b01ca51d486c813e9a9c0ed55f208bb74",
                "reference": "9c6a5d6b01ca51d486c813e9a9c0ed55f208bb74",
                "shasum": ""
            },
            "require": {
                "php": ">=7.2"
            },
            "type": "library",
            "extra": {
                "thanks": {
                    "url": "https://github.com/symfony/polyfill",
                    "name": "symfony/polyfill"
                }
            },
            "autoload": {
                "files": [
                    "bootstrap.php"
                ],
                "psr-4": {
                    "Symfony\\Polyfill\\Php80\\": ""
                },
                "classmap": [
                    "Resources/stubs"
                ]
            },
            "notification-url": "https://packagist.org/downloads/",
            "license": [
                "MIT"
            ],
            "authors": [
                {
                    "name": "Ion Bazan",
                    "email": "ion.bazan@gmail.com"
                },
                {
                    "name": "Nicolas Grekas",
                    "email": "p@tchwork.com"
                },
                {
                    "name": "Symfony Community",
                    "homepage": "https://symfony.com/contributors"
                }
            ],
            "description": "Symfony polyfill backporting some PHP 8.0+ features to lower PHP versions",
            "homepage": "https://symfony.com",
            "keywords": [
                "compatibility",
                "polyfill",
                "portable",
                "shim"
            ],
            "support": {
                "source": "https://github.com/symfony/polyfill-php80/tree/v1.43.0"
            },
            "funding": [
                {
                    "url": "https://symfony.com/sponsor",
                    "type": "custom"
                },
                {
                    "url": "https://github.com/fabpot",
                    "type": "github"
                },
                {
                    "url": "https://github.com/nicolas-grekas",
                    "type": "github"
                },
                {
                    "url": "https://tidelift.com/funding/github/packagist/symfony/symfony",
                    "type": "tidelift"
                }
            ],
            "time": "2026-09-25T15:50:05+00:00"
        }
    ],
    "packages-dev": [],
    "aliases": [],
    "minimum-stability": "stable",
    "stability-flags": {},
    "prefer-stable": false,
    "prefer-lowest": false,
    "platform": {
        "php": ">=8.0.2",
        "ext-curl": "*",
        "ext-json": "*"
    },
    "platform-dev": {},
    "platform-overrides": {
        "php": "8.0.2"
    },
    "plugin-api-version": "2.6.0"
}
